// !$*UTF8*$!
{
	archiveVersion = 1;
	classes = {
	};
	objectVersion = 46;
	objects = {

/* Begin PBXBuildFile section */
		2661678D1D1EA30D00F99262 /* AppDelegate.swift in Sources */ = {isa = PBXBuildFile; fileRef = 2661678C1D1EA30D00F99262 /* AppDelegate.swift */; };
		266167921D1EA30D00F99262 /* Main.storyboard in Resources */ = {isa = PBXBuildFile; fileRef = 266167901D1EA30D00F99262 /* Main.storyboard */; };
		266167941D1EA30D00F99262 /* Assets.xcassets in Resources */ = {isa = PBXBuildFile; fileRef = 266167931D1EA30D00F99262 /* Assets.xcassets */; };
		266167BB1D1EA5C400F99262 /* HBTabBarController.swift in Sources */ = {isa = PBXBuildFile; fileRef = 266167A11D1EA5C400F99262 /* HBTabBarController.swift */; };
		266167BC1D1EA5C400F99262 /* HBFindViewController.swift in Sources */ = {isa = PBXBuildFile; fileRef = 266167AB1D1EA5C400F99262 /* HBFindViewController.swift */; };
		266167BD1D1EA5C400F99262 /* HBHomeViewController.swift in Sources */ = {isa = PBXBuildFile; fileRef = 266167AD1D1EA5C400F99262 /* HBHomeViewController.swift */; };
		266167BE1D1EA5C400F99262 /* HBMessageViewController.swift in Sources */ = {isa = PBXBuildFile; fileRef = 266167B01D1EA5C400F99262 /* HBMessageViewController.swift */; };
		266167BF1D1EA5C400F99262 /* HBSettingViewController.swift in Sources */ = {isa = PBXBuildFile; fileRef = 266167B21D1EA5C400F99262 /* HBSettingViewController.swift */; };
		266167C11D1EA6ED00F99262 /* HBConstant.swift in Sources */ = {isa = PBXBuildFile; fileRef = 266167C01D1EA6ED00F99262 /* HBConstant.swift */; };
		266167C31D1EA70F00F99262 /* HBTabBar.swift in Sources */ = {isa = PBXBuildFile; fileRef = 266167C21D1EA70F00F99262 /* HBTabBar.swift */; };
/* End PBXBuildFile section */

/* Begin PBXFileReference section */
		266167891D1EA30D00F99262 /* Weibo.app */ = {isa = PBXFileReference; explicitFileType = wrapper.application; includeInIndex = 0; path = Weibo.app; sourceTree = BUILT_PRODUCTS_DIR; };
		2661678C1D1EA30D00F99262 /* AppDelegate.swift */ = {isa = PBXFileReference; lastKnownFileType = sourcecode.swift; path = AppDelegate.swift; sourceTree = "<group>"; };
		266167911D1EA30D00F99262 /* Base */ = {isa = PBXFileReference; lastKnownFileType = file.storyboard; name = Base; path = Base.lproj/Main.storyboard; sourceTree = "<group>"; };
		266167931D1EA30D00F99262 /* Assets.xcassets */ = {isa = PBXFileReference; lastKnownFileType = folder.assetcatalog; path = Assets.xcassets; sourceTree = "<group>"; };
		266167981D1EA30D00F99262 /* Info.plist */ = {isa = PBXFileReference; lastKnownFileType = text.plist.xml; path = Info.plist; sourceTree = "<group>"; };
		266167A11D1EA5C400F99262 /* HBTabBarController.swift */ = {isa = PBXFileReference; fileEncoding = 4; lastKnownFileType = sourcecode.swift; path = HBTabBarController.swift; sourceTree = "<group>"; };
		266167AB1D1EA5C400F99262 /* HBFindViewController.swift */ = {isa = PBXFileReference; fileEncoding = 4; lastKnownFileType = sourcecode.swift; path = HBFindViewController.swift; sourceTree = "<group>"; };
		266167AD1D1EA5C400F99262 /* HBHomeViewController.swift */ = {isa = PBXFileReference; fileEncoding = 4; lastKnownFileType = sourcecode.swift; path = HBHomeViewController.swift; sourceTree = "<group>"; };
		266167B01D1EA5C400F99262 /* HBMessageViewController.swift */ = {isa = PBXFileReference; fileEncoding = 4; lastKnownFileType = sourcecode.swift; path = HBMessageViewController.swift; sourceTree = "<group>"; };
		266167B21D1EA5C400F99262 /* HBSettingViewController.swift */ = {isa = PBXFileReference; fileEncoding = 4; lastKnownFileType = sourcecode.swift; path = HBSettingViewController.swift; sourceTree = "<group>"; };
		266167C01D1EA6ED00F99262 /* HBConstant.swift */ = {isa = PBXFileReference; fileEncoding = 4; lastKnownFileType = sourcecode.swift; path = HBConstant.swift; sourceTree = "<group>"; };
		266167C21D1EA70F00F99262 /* HBTabBar.swift */ = {isa = PBXFileReference; fileEncoding = 4; lastKnownFileType = sourcecode.swift; path = HBTabBar.swift; sourceTree = "<group>"; };
/* End PBXFileReference section */

/* Begin PBXFrameworksBuildPhase section */
		266167861D1EA30D00F99262 /* Frameworks */ = {
			isa = PBXFrameworksBuildPhase;
			buildActionMask = 2147483647;
			files = (
			);
			runOnlyForDeploymentPostprocessing = 0;
		};
/* End PBXFrameworksBuildPhase section */

/* Begin PBXGroup section */
		266167801D1EA30D00F99262 = {
			isa = PBXGroup;
			children = (
				2661678B1D1EA30D00F99262 /* Weibo */,
				2661678A1D1EA30D00F99262 /* Products */,
			);
			sourceTree = "<group>";
		};
		2661678A1D1EA30D00F99262 /* Products */ = {
			isa = PBXGroup;
			children = (
				266167891D1EA30D00F99262 /* Weibo.app */,
			);
			name = Products;
			sourceTree = "<group>";
		};
		2661678B1D1EA30D00F99262 /* Weibo */ = {
			isa = PBXGroup;
			children = (
				266167A81D1EA5C400F99262 /* Third */,
				2661679E1D1EA5C400F99262 /* Common */,
				266167A91D1EA5C400F99262 /* UIs */,
				266167B31D1EA5C400F99262 /* ViewModel */,
				266167A21D1EA5C400F99262 /* Model */,
				2661678C1D1EA30D00F99262 /* AppDelegate.swift */,
				266167901D1EA30D00F99262 /* Main.storyboard */,
				266167931D1EA30D00F99262 /* Assets.xcassets */,
				266167981D1EA30D00F99262 /* Info.plist */,
			);
			path = Weibo;
			sourceTree = "<group>";
		};
		2661679E1D1EA5C400F99262 /* Common */ = {
			isa = PBXGroup;
			children = (
				266167A11D1EA5C400F99262 /* HBTabBarController.swift */,
				266167C21D1EA70F00F99262 /* HBTabBar.swift */,
				266167C01D1EA6ED00F99262 /* HBConstant.swift */,
			);
			path = Common;
			sourceTree = "<group>";
		};
		266167A21D1EA5C400F99262 /* Model */ = {
			isa = PBXGroup;
			children = (
				266167A31D1EA5C400F99262 /* Find */,
				266167A41D1EA5C400F99262 /* Home */,
				266167A51D1EA5C400F99262 /* Login */,
				266167A61D1EA5C400F99262 /* Message */,
				266167A71D1EA5C400F99262 /* Setting */,
			);
			path = Model;
			sourceTree = "<group>";
		};
		266167A31D1EA5C400F99262 /* Find */ = {
			isa = PBXGroup;
			children = (
			);
			path = Find;
			sourceTree = "<group>";
		};
		266167A41D1EA5C400F99262 /* Home */ = {
			isa = PBXGroup;
			children = (
			);
			path = Home;
			sourceTree = "<group>";
		};
		266167A51D1EA5C400F99262 /* Login */ = {
			isa = PBXGroup;
			children = (
			);
			path = Login;
			sourceTree = "<group>";
		};
		266167A61D1EA5C400F99262 /* Message */ = {
			isa = PBXGroup;
			children = (
			);
			path = Message;
			sourceTree = "<group>";
		};
		266167A71D1EA5C400F99262 /* Setting */ = {
			isa = PBXGroup;
			children = (
			);
			path = Setting;
			sourceTree = "<group>";
		};
		266167A81D1EA5C400F99262 /* Third */ = {
			isa = PBXGroup;
			children = (
			);
			path = Third;
			sourceTree = "<group>";
		};
		266167A91D1EA5C400F99262 /* UIs */ = {
			isa = PBXGroup;
			children = (
				266167AE1D1EA5C400F99262 /* Login */,
				266167AC1D1EA5C400F99262 /* Home */,
				266167AF1D1EA5C400F99262 /* Message */,
				266167AA1D1EA5C400F99262 /* Find */,
				266167B11D1EA5C400F99262 /* Setting */,
			);
			path = UIs;
			sourceTree = "<group>";
		};
		266167AA1D1EA5C400F99262 /* Find */ = {
			isa = PBXGroup;
			children = (
				266167AB1D1EA5C400F99262 /* HBFindViewController.swift */,
			);
			path = Find;
			sourceTree = "<group>";
		};
		266167AC1D1EA5C400F99262 /* Home */ = {
			isa = PBXGroup;
			children = (
				266167AD1D1EA5C400F99262 /* HBHomeViewController.swift */,
			);
			path = Home;
			sourceTree = "<group>";
		};
		266167AE1D1EA5C400F99262 /* Login */ = {
			isa = PBXGroup;
			children = (
			);
			path = Login;
			sourceTree = "<group>";
		};
		266167AF1D1EA5C400F99262 /* Message */ = {
			isa = PBXGroup;
			children = (
				266167B01D1EA5C400F99262 /* HBMessageViewController.swift */,
			);
			path = Message;
			sourceTree = "<group>";
		};
		266167B11D1EA5C400F99262 /* Setting */ = {
			isa = PBXGroup;
			children = (
				266167B21D1EA5C400F99262 /* HBSettingViewController.swift */,
			);
			path = Setting;
			sourceTree = "<group>";
		};
		266167B31D1EA5C400F99262 /* ViewModel */ = {
			isa = PBXGroup;
			children = (
				266167B41D1EA5C400F99262 /* Find */,
				266167B51D1EA5C400F99262 /* Home */,
				266167B61D1EA5C400F99262 /* Login */,
				266167B71D1EA5C400F99262 /* Message */,
				266167B81D1EA5C400F99262 /* Setting */,
			);
			path = ViewModel;
			sourceTree = "<group>";
		};
		266167B41D1EA5C400F99262 /* Find */ = {
			isa = PBXGroup;
			children = (
			);
			path = Find;
			sourceTree = "<group>";
		};
		266167B51D1EA5C400F99262 /* Home */ = {
			isa = PBXGroup;
			children = (
			);
			path = Home;
			sourceTree = "<group>";
		};
		266167B61D1EA5C400F99262 /* Login */ = {
			isa = PBXGroup;
			children = (
			);
			path = Login;
			sourceTree = "<group>";
		};
		266167B71D1EA5C400F99262 /* Message */ = {
			isa = PBXGroup;
			children = (
			);
			path = Message;
			sourceTree = "<group>";
		};
		266167B81D1EA5C400F99262 /* Setting */ = {
			isa = PBXGroup;
			children = (
			);
			path = Setting;
			sourceTree = "<group>";
		};
/* End PBXGroup section */

/* Begin PBXNativeTarget section */
		266167881D1EA30D00F99262 /* Weibo */ = {
			isa = PBXNativeTarget;
			buildConfigurationList = 2661679B1D1EA30D00F99262 /* Build configuration list for PBXNativeTarget "Weibo" */;
			buildPhases = (
				266167851D1EA30D00F99262 /* Sources */,
				266167861D1EA30D00F99262 /* Frameworks */,
				266167871D1EA30D00F99262 /* Resources */,
			);
			buildRules = (
			);
			dependencies = (
			);
			name = Weibo;
			productName = Weibo;
			productReference = 266167891D1EA30D00F99262 /* Weibo.app */;
			productType = "com.apple.product-type.application";
		};
/* End PBXNativeTarget section */

/* Begin PBXProject section */
		266167811D1EA30D00F99262 /* Project object */ = {
			isa = PBXProject;
			attributes = {
				CLASSPREFIX = HB;
				LastSwiftUpdateCheck = 0720;
				LastUpgradeCheck = 0720;
				ORGANIZATIONNAME = iceWorks;
				TargetAttributes = {
					266167881D1EA30D00F99262 = {
						CreatedOnToolsVersion = 7.2;
						DevelopmentTeam = 9D3J2E978B;
					};
				};
			};
			buildConfigurationList = 266167841D1EA30D00F99262 /* Build configuration list for PBXProject "Weibo" */;
			compatibilityVersion = "Xcode 3.2";
			developmentRegion = English;
			hasScannedForEncodings = 0;
			knownRegions = (
				en,
				Base,
			);
			mainGroup = 266167801D1EA30D00F99262;
			productRefGroup = 2661678A1D1EA30D00F99262 /* Products */;
			projectDirPath = "";
			projectRoot = "";
			targets = (
				266167881D1EA30D00F99262 /* Weibo */,
			);
		};
/* End PBXProject section */

/* Begin PBXResourcesBuildPhase section */
		266167871D1EA30D00F99262 /* Resources */ = {
			isa = PBXResourcesBuildPhase;
			buildActionMask = 2147483647;
			files = (
				266167941D1EA30D00F99262 /* Assets.xcassets in Resources */,
				266167921D1EA30D00F99262 /* Main.storyboard in Resources */,
			);
			runOnlyForDeploymentPostprocessing = 0;
		};
/* End PBXResourcesBuildPhase section */

/* Begin PBXSourcesBuildPhase section */
		266167851D1EA30D00F99262 /* Sources */ = {
			isa = PBXSourcesBuildPhase;
			buildActionMask = 2147483647;
			files = (
				266167BB1D1EA5C400F99262 /* HBTabBarController.swift in Sources */,
				266167BC1D1EA5C400F99262 /* HBFindViewController.swift in Sources */,
				2661678D1D1EA30D00F99262 /* AppDelegate.swift in Sources */,
				266167BF1D1EA5C400F99262 /* HBSettingViewController.swift in Sources */,
				266167C11D1EA6ED00F99262 /* HBConstant.swift in Sources */,
				266167BD1D1EA5C400F99262 /* HBHomeViewController.swift in Sources */,
				266167BE1D1EA5C400F99262 /* HBMessageViewController.swift in Sources */,
				266167C31D1EA70F00F99262 /* HBTabBar.swift in Sources */,
			);
			runOnlyForDeploymentPostprocessing = 0;
		};
/* End PBXSourcesBuildPhase section */

/* Begin PBXVariantGroup section */
		266167901D1EA30D00F99262 /* Main.storyboard */ = {
			isa = PBXVariantGroup;
			children = (
				266167911D1EA30D00F99262 /* Base */,
			);
			name = Main.storyboard;
			sourceTree = "<group>";
		};
/* End PBXVariantGroup section */

/* Begin XCBuildConfiguration section */
		266167991D1EA30D00F99262 /* Debug */ = {
			isa = XCBuildConfiguration;
			buildSettings = {
				ALWAYS_SEARCH_USER_PATHS = NO;
				CLANG_CXX_LANGUAGE_STANDARD = "gnu++0x";
				CLANG_CXX_LIBRARY = "libc++";
				CLANG_ENABLE_MODULES = YES;
				CLANG_ENABLE_OBJC_ARC = YES;
				CLANG_WARN_BOOL_CONVERSION = YES;
				CLANG_WARN_CONSTANT_CONVERSION = YES;
				CLANG_WARN_DIRECT_OBJC_ISA_USAGE = YES_ERROR;
				CLANG_WARN_EMPTY_BODY = YES;
				CLANG_WARN_ENUM_CONVERSION = YES;
				CLANG_WARN_INT_CONVERSION = YES;
				CLANG_WARN_OBJC_ROOT_CLASS = YES_ERROR;
				CLANG_WARN_UNREACHABLE_CODE = YES;
				CLANG_WARN__DUPLICATE_METHOD_MATCH = YES;
				"CODE_SIGN_IDENTITY[sdk=iphoneos*]" = "iPhone Developer";
				COPY_PHASE_STRIP = NO;
				DEBUG_INFORMATION_FORMAT = dwarf;
				ENABLE_STRICT_OBJC_MSGSEND = YES;
				ENABLE_TESTABILITY = YES;
				GCC_C_LANGUAGE_STANDARD = gnu99;
				GCC_DYNAMIC_NO_PIC = NO;
				GCC_NO_COMMON_BLOCKS = YES;
				GCC_OPTIMIZATION_LEVEL = 0;
				GCC_PREPROCESSOR_DEFINITIONS = (
					"DEBUG=1",
					"$(inherited)",
				);
				GCC_WARN_64_TO_32_BIT_CONVERSION = YES;
				GCC_WARN_ABOUT_RETURN_TYPE = YES_ERROR;
				GCC_WARN_UNDECLARED_SELECTOR = YES;
				GCC_WARN_UNINITIALIZED_AUTOS = YES_AGGRESSIVE;
				GCC_WARN_UNUSED_FUNCTION = YES;
				GCC_WARN_UNUSED_VARIABLE = YES;
				IPHONEOS_DEPLOYMENT_TARGET = 9.2;
				MTL_ENABLE_DEBUG_INFO = YES;
				ONLY_ACTIVE_ARCH = YES;
				SDKROOT = iphoneos;
				SWIFT_OPTIMIZATION_LEVEL = "-Onone";
			};
			name = Debug;
		};
		2661679A1D1EA30D00F99262 /* Release */ = {
			isa = XCBuildConfiguration;
			buildSettings = {
				ALWAYS_SEARCH_USER_PATHS = NO;
				CLANG_CXX_LANGUAGE_STANDARD = "gnu++0x";
				CLANG_CXX_LIBRARY = "libc++";
				CLANG_ENABLE_MODULES = YES;
				CLANG_ENABLE_OBJC_ARC = YES;
				CLANG_WARN_BOOL_CONVERSION = YES;
				CLANG_WARN_CONSTANT_CONVERSION = YES;
				CLANG_WARN_DIRECT_OBJC_ISA_USAGE = YES_ERROR;
				CLANG_WARN_EMPTY_BODY = YES;
				CLANG_WARN_ENUM_CONVERSION = YES;
				CLANG_WARN_INT_CONVERSION = YES;
				CLANG_WARN_OBJC_ROOT_CLASS = YES_ERROR;
				CLANG_WARN_UNREACHABLE_CODE = YES;
				CLANG_WARN__DUPLICATE_METHOD_MATCH = YES;
				"CODE_SIGN_IDENTITY[sdk=iphoneos*]" = "iPhone Developer";
				COPY_PHASE_STRIP = NO;
				DEBUG_INFORMATION_FORMAT = "dwarf-with-dsym";
				ENABLE_NS_ASSERTIONS = NO;
				ENABLE_STRICT_OBJC_MSGSEND = YES;
				GCC_C_LANGUAGE_STANDARD = gnu99;
				GCC_NO_COMMON_BLOCKS = YES;
				GCC_WARN_64_TO_32_BIT_CONVERSION = YES;
				GCC_WARN_ABOUT_RETURN_TYPE = YES_ERROR;
				GCC_WARN_UNDECLARED_SELECTOR = YES;
				GCC_WARN_UNINITIALIZED_AUTOS = YES_AGGRESSIVE;
				GCC_WARN_UNUSED_FUNCTION = YES;
				GCC_WARN_UNUSED_VARIABLE = YES;
				IPHONEOS_DEPLOYMENT_TARGET = 9.2;
				MTL_ENABLE_DEBUG_INFO = NO;
				SDKROOT = iphoneos;
				VALIDATE_PRODUCT = YES;
			};
			name = Release;
		};
		2661679C1D1EA30D00F99262 /* Debug */ = {
			isa = XCBuildConfiguration;
			buildSettings = {
				ASSETCATALOG_COMPILER_APPICON_NAME = AppIcon;
				ASSETCATALOG_COMPILER_LAUNCHIMAGE_NAME = "Brand Assets";
				INFOPLIST_FILE = Weibo/Info.plist;
				IPHONEOS_DEPLOYMENT_TARGET = 7.0;
				LD_RUNPATH_SEARCH_PATHS = "$(inherited) @executable_path/Frameworks";
				OTHER_SWIFT_FLAGS = "-D DEBUG";
				PRODUCT_BUNDLE_IDENTIFIER = com.iceworks.Weibo;
				PRODUCT_NAME = "$(TARGET_NAME)";
			};
			name = Debug;
		};
		2661679D1D1EA30D00F99262 /* Release */ = {
			isa = XCBuildConfiguration;
			buildSettings = {
				ASSETCATALOG_COMPILER_APPICON_NAME = AppIcon;
				ASSETCATALOG_COMPILER_LAUNCHIMAGE_NAME = "Brand Assets";
				INFOPLIST_FILE = Weibo/Info.plist;
				IPHONEOS_DEPLOYMENT_TARGET = 7.0;
				LD_RUNPATH_SEARCH_PATHS = "$(inherited) @executable_path/Frameworks";
				OTHER_SWIFT_FLAGS = "-D DEBUG";
				PRODUCT_BUNDLE_IDENTIFIER = com.iceworks.Weibo;
				PRODUCT_NAME = "$(TARGET_NAME)";
			};
			name = Release;
		};
/* End XCBuildConfiguration section */

/* Begin XCConfigurationList section */
		266167841D1EA30D00F99262 /* Build configuration list for PBXProject "Weibo" */ = {
			isa = XCConfigurationList;
			buildConfigurations = (
				266167991D1EA30D00F99262 /* Debug */,
				2661679A1D1EA30D00F99262 /* Release */,
			);
			defaultConfigurationIsVisible = 0;
			defaultConfigurationName = Release;
		};
		2661679B1D1EA30D00F99262 /* Build configuration list for PBXNativeTarget "Weibo" */ = {
			isa = XCConfigurationList;
			buildConfigurations = (
				2661679C1D1EA30D00F99262 /* Debug */,
				2661679D1D1EA30D00F99262 /* Release */,
			);
			defaultConfigurationIsVisible = 0;
			defaultConfigurationName = Release;
		};
/* End XCConfigurationList section */
	};
	rootObject = 266167811D1EA30D00F99262 /* Project object */;
}
