// !$*UTF8*$!
{
	archiveVersion = 1;
	classes = {
	};
	objectVersion = 46;
	objects = {

/* Begin PBXBuildFile section */
		263F007B1D22477D00A446E8 /* UIButton+HBExtension.swift in Sources */ = {isa = PBXBuildFile; fileRef = 263F00791D22477D00A446E8 /* UIButton+HBExtension.swift */; };
		263F007C1D22477D00A446E8 /* UILabel+HBExtension.swift in Sources */ = {isa = PBXBuildFile; fileRef = 263F007A1D22477D00A446E8 /* UILabel+HBExtension.swift */; };
		2661678D1D1EA30D00F99262 /* AppDelegate.swift in Sources */ = {isa = PBXBuildFile; fileRef = 2661678C1D1EA30D00F99262 /* AppDelegate.swift */; };
		266167921D1EA30D00F99262 /* Main.storyboard in Resources */ = {isa = PBXBuildFile; fileRef = 266167901D1EA30D00F99262 /* Main.storyboard */; };
		266167941D1EA30D00F99262 /* Assets.xcassets in Resources */ = {isa = PBXBuildFile; fileRef = 266167931D1EA30D00F99262 /* Assets.xcassets */; };
		266167BB1D1EA5C400F99262 /* HBTabBarController.swift in Sources */ = {isa = PBXBuildFile; fileRef = 266167A11D1EA5C400F99262 /* HBTabBarController.swift */; };
		266167BC1D1EA5C400F99262 /* HBFindViewController.swift in Sources */ = {isa = PBXBuildFile; fileRef = 266167AB1D1EA5C400F99262 /* HBFindViewController.swift */; };
		266167BD1D1EA5C400F99262 /* HBHomeViewController.swift in Sources */ = {isa = PBXBuildFile; fileRef = 266167AD1D1EA5C400F99262 /* HBHomeViewController.swift */; };
		266167BE1D1EA5C400F99262 /* HBMessageViewController.swift in Sources */ = {isa = PBXBuildFile; fileRef = 266167B01D1EA5C400F99262 /* HBMessageViewController.swift */; };
		266167BF1D1EA5C400F99262 /* HBSettingViewController.swift in Sources */ = {isa = PBXBuildFile; fileRef = 266167B21D1EA5C400F99262 /* HBSettingViewController.swift */; };
		266167C11D1EA6ED00F99262 /* HBConstant.swift in Sources */ = {isa = PBXBuildFile; fileRef = 266167C01D1EA6ED00F99262 /* HBConstant.swift */; };
		266167C31D1EA70F00F99262 /* HBTabBar.swift in Sources */ = {isa = PBXBuildFile; fileRef = 266167C21D1EA70F00F99262 /* HBTabBar.swift */; };
		266167E31D1EB0B000F99262 /* NSData+ImageContentType.m in Sources */ = {isa = PBXBuildFile; fileRef = 266167C71D1EB0B000F99262 /* NSData+ImageContentType.m */; };
		266167E41D1EB0B000F99262 /* SDImageCache.m in Sources */ = {isa = PBXBuildFile; fileRef = 266167C91D1EB0B000F99262 /* SDImageCache.m */; };
		266167E51D1EB0B000F99262 /* SDWebImageCompat.m in Sources */ = {isa = PBXBuildFile; fileRef = 266167CB1D1EB0B000F99262 /* SDWebImageCompat.m */; };
		266167E61D1EB0B000F99262 /* SDWebImageDecoder.m in Sources */ = {isa = PBXBuildFile; fileRef = 266167CD1D1EB0B000F99262 /* SDWebImageDecoder.m */; };
		266167E71D1EB0B000F99262 /* SDWebImageDownloader.m in Sources */ = {isa = PBXBuildFile; fileRef = 266167CF1D1EB0B000F99262 /* SDWebImageDownloader.m */; };
		266167E81D1EB0B000F99262 /* SDWebImageDownloaderOperation.m in Sources */ = {isa = PBXBuildFile; fileRef = 266167D11D1EB0B000F99262 /* SDWebImageDownloaderOperation.m */; };
		266167E91D1EB0B000F99262 /* SDWebImageManager.m in Sources */ = {isa = PBXBuildFile; fileRef = 266167D31D1EB0B000F99262 /* SDWebImageManager.m */; };
		266167EA1D1EB0B000F99262 /* SDWebImagePrefetcher.m in Sources */ = {isa = PBXBuildFile; fileRef = 266167D61D1EB0B000F99262 /* SDWebImagePrefetcher.m */; };
		266167EB1D1EB0B000F99262 /* UIButton+WebCache.m in Sources */ = {isa = PBXBuildFile; fileRef = 266167D81D1EB0B000F99262 /* UIButton+WebCache.m */; };
		266167EC1D1EB0B000F99262 /* UIImage+GIF.m in Sources */ = {isa = PBXBuildFile; fileRef = 266167DA1D1EB0B000F99262 /* UIImage+GIF.m */; };
		266167ED1D1EB0B000F99262 /* UIImage+MultiFormat.m in Sources */ = {isa = PBXBuildFile; fileRef = 266167DC1D1EB0B000F99262 /* UIImage+MultiFormat.m */; };
		266167EE1D1EB0B000F99262 /* UIImageView+HighlightedWebCache.m in Sources */ = {isa = PBXBuildFile; fileRef = 266167DE1D1EB0B000F99262 /* UIImageView+HighlightedWebCache.m */; };
		266167EF1D1EB0B000F99262 /* UIImageView+WebCache.m in Sources */ = {isa = PBXBuildFile; fileRef = 266167E01D1EB0B000F99262 /* UIImageView+WebCache.m */; };
		266167F01D1EB0B000F99262 /* UIView+WebCacheOperation.m in Sources */ = {isa = PBXBuildFile; fileRef = 266167E21D1EB0B000F99262 /* UIView+WebCacheOperation.m */; };
		266167FF1D1EB0CF00F99262 /* AFHTTPSessionManager.m in Sources */ = {isa = PBXBuildFile; fileRef = 266167F31D1EB0CF00F99262 /* AFHTTPSessionManager.m */; };
		266168001D1EB0CF00F99262 /* AFNetworkReachabilityManager.m in Sources */ = {isa = PBXBuildFile; fileRef = 266167F61D1EB0CF00F99262 /* AFNetworkReachabilityManager.m */; };
		266168011D1EB0CF00F99262 /* AFSecurityPolicy.m in Sources */ = {isa = PBXBuildFile; fileRef = 266167F81D1EB0CF00F99262 /* AFSecurityPolicy.m */; };
		266168021D1EB0CF00F99262 /* AFURLRequestSerialization.m in Sources */ = {isa = PBXBuildFile; fileRef = 266167FA1D1EB0CF00F99262 /* AFURLRequestSerialization.m */; };
		266168031D1EB0CF00F99262 /* AFURLResponseSerialization.m in Sources */ = {isa = PBXBuildFile; fileRef = 266167FC1D1EB0CF00F99262 /* AFURLResponseSerialization.m */; };
		266168041D1EB0CF00F99262 /* AFURLSessionManager.m in Sources */ = {isa = PBXBuildFile; fileRef = 266167FE1D1EB0CF00F99262 /* AFURLSessionManager.m */; };
		266168231D1EB1F300F99262 /* SVIndefiniteAnimatedView.m in Sources */ = {isa = PBXBuildFile; fileRef = 2661681A1D1EB1F300F99262 /* SVIndefiniteAnimatedView.m */; };
		266168241D1EB1F300F99262 /* SVProgressAnimatedView.m in Sources */ = {isa = PBXBuildFile; fileRef = 2661681C1D1EB1F300F99262 /* SVProgressAnimatedView.m */; };
		266168251D1EB1F300F99262 /* SVProgressHUD.bundle in Resources */ = {isa = PBXBuildFile; fileRef = 2661681E1D1EB1F300F99262 /* SVProgressHUD.bundle */; };
		266168261D1EB1F300F99262 /* SVProgressHUD.m in Sources */ = {isa = PBXBuildFile; fileRef = 266168201D1EB1F300F99262 /* SVProgressHUD.m */; };
		266168271D1EB1F300F99262 /* SVRadialGradientLayer.m in Sources */ = {isa = PBXBuildFile; fileRef = 266168221D1EB1F300F99262 /* SVRadialGradientLayer.m */; };
		266168521D1EB3B100F99262 /* Constraint.swift in Sources */ = {isa = PBXBuildFile; fileRef = 266168451D1EB3B100F99262 /* Constraint.swift */; };
		266168531D1EB3B100F99262 /* ConstraintAttributes.swift in Sources */ = {isa = PBXBuildFile; fileRef = 266168461D1EB3B100F99262 /* ConstraintAttributes.swift */; };
		266168541D1EB3B100F99262 /* ConstraintDescription.swift in Sources */ = {isa = PBXBuildFile; fileRef = 266168471D1EB3B100F99262 /* ConstraintDescription.swift */; };
		266168551D1EB3B100F99262 /* ConstraintItem.swift in Sources */ = {isa = PBXBuildFile; fileRef = 266168481D1EB3B100F99262 /* ConstraintItem.swift */; };
		266168561D1EB3B100F99262 /* ConstraintMaker.swift in Sources */ = {isa = PBXBuildFile; fileRef = 266168491D1EB3B100F99262 /* ConstraintMaker.swift */; };
		266168571D1EB3B100F99262 /* ConstraintRelation.swift in Sources */ = {isa = PBXBuildFile; fileRef = 2661684A1D1EB3B100F99262 /* ConstraintRelation.swift */; };
		266168581D1EB3B100F99262 /* Debugging.swift in Sources */ = {isa = PBXBuildFile; fileRef = 2661684B1D1EB3B100F99262 /* Debugging.swift */; };
		266168591D1EB3B100F99262 /* EdgeInsets.swift in Sources */ = {isa = PBXBuildFile; fileRef = 2661684C1D1EB3B100F99262 /* EdgeInsets.swift */; };
		2661685A1D1EB3B100F99262 /* LayoutConstraint.swift in Sources */ = {isa = PBXBuildFile; fileRef = 2661684D1D1EB3B100F99262 /* LayoutConstraint.swift */; };
		2661685B1D1EB3B100F99262 /* SnapKit.swift in Sources */ = {isa = PBXBuildFile; fileRef = 2661684E1D1EB3B100F99262 /* SnapKit.swift */; };
		2661685C1D1EB3B100F99262 /* SourceLocation.swift in Sources */ = {isa = PBXBuildFile; fileRef = 2661684F1D1EB3B100F99262 /* SourceLocation.swift */; };
		2661685D1D1EB3B100F99262 /* View+SnapKit.swift in Sources */ = {isa = PBXBuildFile; fileRef = 266168501D1EB3B100F99262 /* View+SnapKit.swift */; };
		2661685E1D1EB3B100F99262 /* ViewController+SnapKit.swift in Sources */ = {isa = PBXBuildFile; fileRef = 266168511D1EB3B100F99262 /* ViewController+SnapKit.swift */; };
		26C2D0511D1EB7730068B6FE /* HBBaseTableViewController.swift in Sources */ = {isa = PBXBuildFile; fileRef = 26C2D0501D1EB7730068B6FE /* HBBaseTableViewController.swift */; };
		26C2D0531D1EBD640068B6FE /* HBVisitorView.swift in Sources */ = {isa = PBXBuildFile; fileRef = 26C2D0521D1EBD640068B6FE /* HBVisitorView.swift */; };
		26D4682A1D268577007849B3 /* HBComposeView.swift in Sources */ = {isa = PBXBuildFile; fileRef = 26D468291D268577007849B3 /* HBComposeView.swift */; };
		26D4682C1D26858D007849B3 /* HBComposeButton.swift in Sources */ = {isa = PBXBuildFile; fileRef = 26D4682B1D26858D007849B3 /* HBComposeButton.swift */; };
		26D468301D269EEF007849B3 /* composeBtn.plist in Resources */ = {isa = PBXBuildFile; fileRef = 26D4682F1D269EEF007849B3 /* composeBtn.plist */; };
		26EF102C1D2657DB009783F4 /* UIImage+HBExtension.swift in Sources */ = {isa = PBXBuildFile; fileRef = 26EF102B1D2657DB009783F4 /* UIImage+HBExtension.swift */; };
/* End PBXBuildFile section */

/* Begin PBXFileReference section */
		263F00791D22477D00A446E8 /* UIButton+HBExtension.swift */ = {isa = PBXFileReference; fileEncoding = 4; lastKnownFileType = sourcecode.swift; path = "UIButton+HBExtension.swift"; sourceTree = "<group>"; };
		263F007A1D22477D00A446E8 /* UILabel+HBExtension.swift */ = {isa = PBXFileReference; fileEncoding = 4; lastKnownFileType = sourcecode.swift; path = "UILabel+HBExtension.swift"; sourceTree = "<group>"; };
		266167891D1EA30D00F99262 /* Weibo.app */ = {isa = PBXFileReference; explicitFileType = wrapper.application; includeInIndex = 0; path = Weibo.app; sourceTree = BUILT_PRODUCTS_DIR; };
		2661678C1D1EA30D00F99262 /* AppDelegate.swift */ = {isa = PBXFileReference; lastKnownFileType = sourcecode.swift; path = AppDelegate.swift; sourceTree = "<group>"; };
		266167911D1EA30D00F99262 /* Base */ = {isa = PBXFileReference; lastKnownFileType = file.storyboard; name = Base; path = Base.lproj/Main.storyboard; sourceTree = "<group>"; };
		266167931D1EA30D00F99262 /* Assets.xcassets */ = {isa = PBXFileReference; lastKnownFileType = folder.assetcatalog; path = Assets.xcassets; sourceTree = "<group>"; };
		266167981D1EA30D00F99262 /* Info.plist */ = {isa = PBXFileReference; lastKnownFileType = text.plist.xml; path = Info.plist; sourceTree = "<group>"; };
		266167A11D1EA5C400F99262 /* HBTabBarController.swift */ = {isa = PBXFileReference; fileEncoding = 4; lastKnownFileType = sourcecode.swift; path = HBTabBarController.swift; sourceTree = "<group>"; };
		266167AB1D1EA5C400F99262 /* HBFindViewController.swift */ = {isa = PBXFileReference; fileEncoding = 4; lastKnownFileType = sourcecode.swift; path = HBFindViewController.swift; sourceTree = "<group>"; };
		266167AD1D1EA5C400F99262 /* HBHomeViewController.swift */ = {isa = PBXFileReference; fileEncoding = 4; lastKnownFileType = sourcecode.swift; path = HBHomeViewController.swift; sourceTree = "<group>"; };
		266167B01D1EA5C400F99262 /* HBMessageViewController.swift */ = {isa = PBXFileReference; fileEncoding = 4; lastKnownFileType = sourcecode.swift; path = HBMessageViewController.swift; sourceTree = "<group>"; };
		266167B21D1EA5C400F99262 /* HBSettingViewController.swift */ = {isa = PBXFileReference; fileEncoding = 4; lastKnownFileType = sourcecode.swift; path = HBSettingViewController.swift; sourceTree = "<group>"; };
		266167C01D1EA6ED00F99262 /* HBConstant.swift */ = {isa = PBXFileReference; fileEncoding = 4; lastKnownFileType = sourcecode.swift; path = HBConstant.swift; sourceTree = "<group>"; };
		266167C21D1EA70F00F99262 /* HBTabBar.swift */ = {isa = PBXFileReference; fileEncoding = 4; lastKnownFileType = sourcecode.swift; path = HBTabBar.swift; sourceTree = "<group>"; };
		266167C41D1EB06200F99262 /* Bridge.h */ = {isa = PBXFileReference; fileEncoding = 4; lastKnownFileType = sourcecode.c.h; path = Bridge.h; sourceTree = "<group>"; };
		266167C61D1EB0B000F99262 /* NSData+ImageContentType.h */ = {isa = PBXFileReference; fileEncoding = 4; lastKnownFileType = sourcecode.c.h; path = "NSData+ImageContentType.h"; sourceTree = "<group>"; };
		266167C71D1EB0B000F99262 /* NSData+ImageContentType.m */ = {isa = PBXFileReference; fileEncoding = 4; lastKnownFileType = sourcecode.c.objc; path = "NSData+ImageContentType.m"; sourceTree = "<group>"; };
		266167C81D1EB0B000F99262 /* SDImageCache.h */ = {isa = PBXFileReference; fileEncoding = 4; lastKnownFileType = sourcecode.c.h; path = SDImageCache.h; sourceTree = "<group>"; };
		266167C91D1EB0B000F99262 /* SDImageCache.m */ = {isa = PBXFileReference; fileEncoding = 4; lastKnownFileType = sourcecode.c.objc; path = SDImageCache.m; sourceTree = "<group>"; };
		266167CA1D1EB0B000F99262 /* SDWebImageCompat.h */ = {isa = PBXFileReference; fileEncoding = 4; lastKnownFileType = sourcecode.c.h; path = SDWebImageCompat.h; sourceTree = "<group>"; };
		266167CB1D1EB0B000F99262 /* SDWebImageCompat.m */ = {isa = PBXFileReference; fileEncoding = 4; lastKnownFileType = sourcecode.c.objc; path = SDWebImageCompat.m; sourceTree = "<group>"; };
		266167CC1D1EB0B000F99262 /* SDWebImageDecoder.h */ = {isa = PBXFileReference; fileEncoding = 4; lastKnownFileType = sourcecode.c.h; path = SDWebImageDecoder.h; sourceTree = "<group>"; };
		266167CD1D1EB0B000F99262 /* SDWebImageDecoder.m */ = {isa = PBXFileReference; fileEncoding = 4; lastKnownFileType = sourcecode.c.objc; path = SDWebImageDecoder.m; sourceTree = "<group>"; };
		266167CE1D1EB0B000F99262 /* SDWebImageDownloader.h */ = {isa = PBXFileReference; fileEncoding = 4; lastKnownFileType = sourcecode.c.h; path = SDWebImageDownloader.h; sourceTree = "<group>"; };
		266167CF1D1EB0B000F99262 /* SDWebImageDownloader.m */ = {isa = PBXFileReference; fileEncoding = 4; lastKnownFileType = sourcecode.c.objc; path = SDWebImageDownloader.m; sourceTree = "<group>"; };
		266167D01D1EB0B000F99262 /* SDWebImageDownloaderOperation.h */ = {isa = PBXFileReference; fileEncoding = 4; lastKnownFileType = sourcecode.c.h; path = SDWebImageDownloaderOperation.h; sourceTree = "<group>"; };
		266167D11D1EB0B000F99262 /* SDWebImageDownloaderOperation.m */ = {isa = PBXFileReference; fileEncoding = 4; lastKnownFileType = sourcecode.c.objc; path = SDWebImageDownloaderOperation.m; sourceTree = "<group>"; };
		266167D21D1EB0B000F99262 /* SDWebImageManager.h */ = {isa = PBXFileReference; fileEncoding = 4; lastKnownFileType = sourcecode.c.h; path = SDWebImageManager.h; sourceTree = "<group>"; };
		266167D31D1EB0B000F99262 /* SDWebImageManager.m */ = {isa = PBXFileReference; fileEncoding = 4; lastKnownFileType = sourcecode.c.objc; path = SDWebImageManager.m; sourceTree = "<group>"; };
		266167D41D1EB0B000F99262 /* SDWebImageOperation.h */ = {isa = PBXFileReference; fileEncoding = 4; lastKnownFileType = sourcecode.c.h; path = SDWebImageOperation.h; sourceTree = "<group>"; };
		266167D51D1EB0B000F99262 /* SDWebImagePrefetcher.h */ = {isa = PBXFileReference; fileEncoding = 4; lastKnownFileType = sourcecode.c.h; path = SDWebImagePrefetcher.h; sourceTree = "<group>"; };
		266167D61D1EB0B000F99262 /* SDWebImagePrefetcher.m */ = {isa = PBXFileReference; fileEncoding = 4; lastKnownFileType = sourcecode.c.objc; path = SDWebImagePrefetcher.m; sourceTree = "<group>"; };
		266167D71D1EB0B000F99262 /* UIButton+WebCache.h */ = {isa = PBXFileReference; fileEncoding = 4; lastKnownFileType = sourcecode.c.h; path = "UIButton+WebCache.h"; sourceTree = "<group>"; };
		266167D81D1EB0B000F99262 /* UIButton+WebCache.m */ = {isa = PBXFileReference; fileEncoding = 4; lastKnownFileType = sourcecode.c.objc; path = "UIButton+WebCache.m"; sourceTree = "<group>"; };
		266167D91D1EB0B000F99262 /* UIImage+GIF.h */ = {isa = PBXFileReference; fileEncoding = 4; lastKnownFileType = sourcecode.c.h; path = "UIImage+GIF.h"; sourceTree = "<group>"; };
		266167DA1D1EB0B000F99262 /* UIImage+GIF.m */ = {isa = PBXFileReference; fileEncoding = 4; lastKnownFileType = sourcecode.c.objc; path = "UIImage+GIF.m"; sourceTree = "<group>"; };
		266167DB1D1EB0B000F99262 /* UIImage+MultiFormat.h */ = {isa = PBXFileReference; fileEncoding = 4; lastKnownFileType = sourcecode.c.h; path = "UIImage+MultiFormat.h"; sourceTree = "<group>"; };
		266167DC1D1EB0B000F99262 /* UIImage+MultiFormat.m */ = {isa = PBXFileReference; fileEncoding = 4; lastKnownFileType = sourcecode.c.objc; path = "UIImage+MultiFormat.m"; sourceTree = "<group>"; };
		266167DD1D1EB0B000F99262 /* UIImageView+HighlightedWebCache.h */ = {isa = PBXFileReference; fileEncoding = 4; lastKnownFileType = sourcecode.c.h; path = "UIImageView+HighlightedWebCache.h"; sourceTree = "<group>"; };
		266167DE1D1EB0B000F99262 /* UIImageView+HighlightedWebCache.m */ = {isa = PBXFileReference; fileEncoding = 4; lastKnownFileType = sourcecode.c.objc; path = "UIImageView+HighlightedWebCache.m"; sourceTree = "<group>"; };
		266167DF1D1EB0B000F99262 /* UIImageView+WebCache.h */ = {isa = PBXFileReference; fileEncoding = 4; lastKnownFileType = sourcecode.c.h; path = "UIImageView+WebCache.h"; sourceTree = "<group>"; };
		266167E01D1EB0B000F99262 /* UIImageView+WebCache.m */ = {isa = PBXFileReference; fileEncoding = 4; lastKnownFileType = sourcecode.c.objc; path = "UIImageView+WebCache.m"; sourceTree = "<group>"; };
		266167E11D1EB0B000F99262 /* UIView+WebCacheOperation.h */ = {isa = PBXFileReference; fileEncoding = 4; lastKnownFileType = sourcecode.c.h; path = "UIView+WebCacheOperation.h"; sourceTree = "<group>"; };
		266167E21D1EB0B000F99262 /* UIView+WebCacheOperation.m */ = {isa = PBXFileReference; fileEncoding = 4; lastKnownFileType = sourcecode.c.objc; path = "UIView+WebCacheOperation.m"; sourceTree = "<group>"; };
		266167F21D1EB0CF00F99262 /* AFHTTPSessionManager.h */ = {isa = PBXFileReference; fileEncoding = 4; lastKnownFileType = sourcecode.c.h; path = AFHTTPSessionManager.h; sourceTree = "<group>"; };
		266167F31D1EB0CF00F99262 /* AFHTTPSessionManager.m */ = {isa = PBXFileReference; fileEncoding = 4; lastKnownFileType = sourcecode.c.objc; path = AFHTTPSessionManager.m; sourceTree = "<group>"; };
		266167F41D1EB0CF00F99262 /* AFNetworking.h */ = {isa = PBXFileReference; fileEncoding = 4; lastKnownFileType = sourcecode.c.h; path = AFNetworking.h; sourceTree = "<group>"; };
		266167F51D1EB0CF00F99262 /* AFNetworkReachabilityManager.h */ = {isa = PBXFileReference; fileEncoding = 4; lastKnownFileType = sourcecode.c.h; path = AFNetworkReachabilityManager.h; sourceTree = "<group>"; };
		266167F61D1EB0CF00F99262 /* AFNetworkReachabilityManager.m */ = {isa = PBXFileReference; fileEncoding = 4; lastKnownFileType = sourcecode.c.objc; path = AFNetworkReachabilityManager.m; sourceTree = "<group>"; };
		266167F71D1EB0CF00F99262 /* AFSecurityPolicy.h */ = {isa = PBXFileReference; fileEncoding = 4; lastKnownFileType = sourcecode.c.h; path = AFSecurityPolicy.h; sourceTree = "<group>"; };
		266167F81D1EB0CF00F99262 /* AFSecurityPolicy.m */ = {isa = PBXFileReference; fileEncoding = 4; lastKnownFileType = sourcecode.c.objc; path = AFSecurityPolicy.m; sourceTree = "<group>"; };
		266167F91D1EB0CF00F99262 /* AFURLRequestSerialization.h */ = {isa = PBXFileReference; fileEncoding = 4; lastKnownFileType = sourcecode.c.h; path = AFURLRequestSerialization.h; sourceTree = "<group>"; };
		266167FA1D1EB0CF00F99262 /* AFURLRequestSerialization.m */ = {isa = PBXFileReference; fileEncoding = 4; lastKnownFileType = sourcecode.c.objc; path = AFURLRequestSerialization.m; sourceTree = "<group>"; };
		266167FB1D1EB0CF00F99262 /* AFURLResponseSerialization.h */ = {isa = PBXFileReference; fileEncoding = 4; lastKnownFileType = sourcecode.c.h; path = AFURLResponseSerialization.h; sourceTree = "<group>"; };
		266167FC1D1EB0CF00F99262 /* AFURLResponseSerialization.m */ = {isa = PBXFileReference; fileEncoding = 4; lastKnownFileType = sourcecode.c.objc; path = AFURLResponseSerialization.m; sourceTree = "<group>"; };
		266167FD1D1EB0CF00F99262 /* AFURLSessionManager.h */ = {isa = PBXFileReference; fileEncoding = 4; lastKnownFileType = sourcecode.c.h; path = AFURLSessionManager.h; sourceTree = "<group>"; };
		266167FE1D1EB0CF00F99262 /* AFURLSessionManager.m */ = {isa = PBXFileReference; fileEncoding = 4; lastKnownFileType = sourcecode.c.objc; path = AFURLSessionManager.m; sourceTree = "<group>"; };
		266168191D1EB1F300F99262 /* SVIndefiniteAnimatedView.h */ = {isa = PBXFileReference; fileEncoding = 4; lastKnownFileType = sourcecode.c.h; path = SVIndefiniteAnimatedView.h; sourceTree = "<group>"; };
		2661681A1D1EB1F300F99262 /* SVIndefiniteAnimatedView.m */ = {isa = PBXFileReference; fileEncoding = 4; lastKnownFileType = sourcecode.c.objc; path = SVIndefiniteAnimatedView.m; sourceTree = "<group>"; };
		2661681B1D1EB1F300F99262 /* SVProgressAnimatedView.h */ = {isa = PBXFileReference; fileEncoding = 4; lastKnownFileType = sourcecode.c.h; path = SVProgressAnimatedView.h; sourceTree = "<group>"; };
		2661681C1D1EB1F300F99262 /* SVProgressAnimatedView.m */ = {isa = PBXFileReference; fileEncoding = 4; lastKnownFileType = sourcecode.c.objc; path = SVProgressAnimatedView.m; sourceTree = "<group>"; };
		2661681D1D1EB1F300F99262 /* SVProgressHUD-Prefix.pch */ = {isa = PBXFileReference; fileEncoding = 4; lastKnownFileType = sourcecode.c.h; path = "SVProgressHUD-Prefix.pch"; sourceTree = "<group>"; };
		2661681E1D1EB1F300F99262 /* SVProgressHUD.bundle */ = {isa = PBXFileReference; lastKnownFileType = "wrapper.plug-in"; path = SVProgressHUD.bundle; sourceTree = "<group>"; };
		2661681F1D1EB1F300F99262 /* SVProgressHUD.h */ = {isa = PBXFileReference; fileEncoding = 4; lastKnownFileType = sourcecode.c.h; path = SVProgressHUD.h; sourceTree = "<group>"; };
		266168201D1EB1F300F99262 /* SVProgressHUD.m */ = {isa = PBXFileReference; fileEncoding = 4; lastKnownFileType = sourcecode.c.objc; path = SVProgressHUD.m; sourceTree = "<group>"; };
		266168211D1EB1F300F99262 /* SVRadialGradientLayer.h */ = {isa = PBXFileReference; fileEncoding = 4; lastKnownFileType = sourcecode.c.h; path = SVRadialGradientLayer.h; sourceTree = "<group>"; };
		266168221D1EB1F300F99262 /* SVRadialGradientLayer.m */ = {isa = PBXFileReference; fileEncoding = 4; lastKnownFileType = sourcecode.c.objc; path = SVRadialGradientLayer.m; sourceTree = "<group>"; };
		266168451D1EB3B100F99262 /* Constraint.swift */ = {isa = PBXFileReference; fileEncoding = 4; lastKnownFileType = sourcecode.swift; path = Constraint.swift; sourceTree = "<group>"; };
		266168461D1EB3B100F99262 /* ConstraintAttributes.swift */ = {isa = PBXFileReference; fileEncoding = 4; lastKnownFileType = sourcecode.swift; path = ConstraintAttributes.swift; sourceTree = "<group>"; };
		266168471D1EB3B100F99262 /* ConstraintDescription.swift */ = {isa = PBXFileReference; fileEncoding = 4; lastKnownFileType = sourcecode.swift; path = ConstraintDescription.swift; sourceTree = "<group>"; };
		266168481D1EB3B100F99262 /* ConstraintItem.swift */ = {isa = PBXFileReference; fileEncoding = 4; lastKnownFileType = sourcecode.swift; path = ConstraintItem.swift; sourceTree = "<group>"; };
		266168491D1EB3B100F99262 /* ConstraintMaker.swift */ = {isa = PBXFileReference; fileEncoding = 4; lastKnownFileType = sourcecode.swift; path = ConstraintMaker.swift; sourceTree = "<group>"; };
		2661684A1D1EB3B100F99262 /* ConstraintRelation.swift */ = {isa = PBXFileReference; fileEncoding = 4; lastKnownFileType = sourcecode.swift; path = ConstraintRelation.swift; sourceTree = "<group>"; };
		2661684B1D1EB3B100F99262 /* Debugging.swift */ = {isa = PBXFileReference; fileEncoding = 4; lastKnownFileType = sourcecode.swift; path = Debugging.swift; sourceTree = "<group>"; };
		2661684C1D1EB3B100F99262 /* EdgeInsets.swift */ = {isa = PBXFileReference; fileEncoding = 4; lastKnownFileType = sourcecode.swift; path = EdgeInsets.swift; sourceTree = "<group>"; };
		2661684D1D1EB3B100F99262 /* LayoutConstraint.swift */ = {isa = PBXFileReference; fileEncoding = 4; lastKnownFileType = sourcecode.swift; path = LayoutConstraint.swift; sourceTree = "<group>"; };
		2661684E1D1EB3B100F99262 /* SnapKit.swift */ = {isa = PBXFileReference; fileEncoding = 4; lastKnownFileType = sourcecode.swift; path = SnapKit.swift; sourceTree = "<group>"; };
		2661684F1D1EB3B100F99262 /* SourceLocation.swift */ = {isa = PBXFileReference; fileEncoding = 4; lastKnownFileType = sourcecode.swift; path = SourceLocation.swift; sourceTree = "<group>"; };
		266168501D1EB3B100F99262 /* View+SnapKit.swift */ = {isa = PBXFileReference; fileEncoding = 4; lastKnownFileType = sourcecode.swift; path = "View+SnapKit.swift"; sourceTree = "<group>"; };
		266168511D1EB3B100F99262 /* ViewController+SnapKit.swift */ = {isa = PBXFileReference; fileEncoding = 4; lastKnownFileType = sourcecode.swift; path = "ViewController+SnapKit.swift"; sourceTree = "<group>"; };
		26C2D0501D1EB7730068B6FE /* HBBaseTableViewController.swift */ = {isa = PBXFileReference; fileEncoding = 4; lastKnownFileType = sourcecode.swift; path = HBBaseTableViewController.swift; sourceTree = "<group>"; };
		26C2D0521D1EBD640068B6FE /* HBVisitorView.swift */ = {isa = PBXFileReference; fileEncoding = 4; lastKnownFileType = sourcecode.swift; path = HBVisitorView.swift; sourceTree = "<group>"; };
		26D468291D268577007849B3 /* HBComposeView.swift */ = {isa = PBXFileReference; fileEncoding = 4; lastKnownFileType = sourcecode.swift; path = HBComposeView.swift; sourceTree = "<group>"; };
		26D4682B1D26858D007849B3 /* HBComposeButton.swift */ = {isa = PBXFileReference; fileEncoding = 4; lastKnownFileType = sourcecode.swift; path = HBComposeButton.swift; sourceTree = "<group>"; };
		26D4682F1D269EEF007849B3 /* composeBtn.plist */ = {isa = PBXFileReference; fileEncoding = 4; lastKnownFileType = text.plist.xml; path = composeBtn.plist; sourceTree = "<group>"; };
		26EF102B1D2657DB009783F4 /* UIImage+HBExtension.swift */ = {isa = PBXFileReference; fileEncoding = 4; lastKnownFileType = sourcecode.swift; path = "UIImage+HBExtension.swift"; sourceTree = "<group>"; };
/* End PBXFileReference section */

/* Begin PBXFrameworksBuildPhase section */
		266167861D1EA30D00F99262 /* Frameworks */ = {
			isa = PBXFrameworksBuildPhase;
			buildActionMask = 2147483647;
			files = (
			);
			runOnlyForDeploymentPostprocessing = 0;
		};
/* End PBXFrameworksBuildPhase section */

/* Begin PBXGroup section */
		266167801D1EA30D00F99262 = {
			isa = PBXGroup;
			children = (
				2661678B1D1EA30D00F99262 /* Weibo */,
				2661678A1D1EA30D00F99262 /* Products */,
			);
			sourceTree = "<group>";
		};
		2661678A1D1EA30D00F99262 /* Products */ = {
			isa = PBXGroup;
			children = (
				266167891D1EA30D00F99262 /* Weibo.app */,
			);
			name = Products;
			sourceTree = "<group>";
		};
		2661678B1D1EA30D00F99262 /* Weibo */ = {
			isa = PBXGroup;
			children = (
				266167A81D1EA5C400F99262 /* Third */,
				2661679E1D1EA5C400F99262 /* Common */,
				266167A91D1EA5C400F99262 /* UIs */,
				266167B31D1EA5C400F99262 /* ViewModel */,
				266167A21D1EA5C400F99262 /* Model */,
				2661678C1D1EA30D00F99262 /* AppDelegate.swift */,
				266167901D1EA30D00F99262 /* Main.storyboard */,
				266167931D1EA30D00F99262 /* Assets.xcassets */,
				266167981D1EA30D00F99262 /* Info.plist */,
				26D4682F1D269EEF007849B3 /* composeBtn.plist */,
				266167C41D1EB06200F99262 /* Bridge.h */,
			);
			path = Weibo;
			sourceTree = "<group>";
		};
		2661679E1D1EA5C400F99262 /* Common */ = {
			isa = PBXGroup;
			children = (
				266167A11D1EA5C400F99262 /* HBTabBarController.swift */,
				266167C21D1EA70F00F99262 /* HBTabBar.swift */,
				266167C01D1EA6ED00F99262 /* HBConstant.swift */,
				26C2D0501D1EB7730068B6FE /* HBBaseTableViewController.swift */,
				263F007A1D22477D00A446E8 /* UILabel+HBExtension.swift */,
				263F00791D22477D00A446E8 /* UIButton+HBExtension.swift */,
				26EF102B1D2657DB009783F4 /* UIImage+HBExtension.swift */,
			);
			path = Common;
			sourceTree = "<group>";
		};
		266167A21D1EA5C400F99262 /* Model */ = {
			isa = PBXGroup;
			children = (
				266167A51D1EA5C400F99262 /* Login */,
				266167A41D1EA5C400F99262 /* Home */,
				266167A31D1EA5C400F99262 /* Find */,
				266167A61D1EA5C400F99262 /* Message */,
				266167A71D1EA5C400F99262 /* Setting */,
			);
			path = Model;
			sourceTree = "<group>";
		};
		266167A31D1EA5C400F99262 /* Find */ = {
			isa = PBXGroup;
			children = (
			);
			path = Find;
			sourceTree = "<group>";
		};
		266167A41D1EA5C400F99262 /* Home */ = {
			isa = PBXGroup;
			children = (
			);
			path = Home;
			sourceTree = "<group>";
		};
		266167A51D1EA5C400F99262 /* Login */ = {
			isa = PBXGroup;
			children = (
			);
			path = Login;
			sourceTree = "<group>";
		};
		266167A61D1EA5C400F99262 /* Message */ = {
			isa = PBXGroup;
			children = (
			);
			path = Message;
			sourceTree = "<group>";
		};
		266167A71D1EA5C400F99262 /* Setting */ = {
			isa = PBXGroup;
			children = (
			);
			path = Setting;
			sourceTree = "<group>";
		};
		266167A81D1EA5C400F99262 /* Third */ = {
			isa = PBXGroup;
			children = (
				266168441D1EB3B100F99262 /* SnapKit_0.19.0 */,
				266168181D1EB1F300F99262 /* SVProgressHUD */,
				266167F11D1EB0CF00F99262 /* AFNetworking */,
				266167C51D1EB0B000F99262 /* SDWebImage */,
			);
			path = Third;
			sourceTree = "<group>";
		};
		266167A91D1EA5C400F99262 /* UIs */ = {
			isa = PBXGroup;
			children = (
				266167AE1D1EA5C400F99262 /* Login */,
				266167AC1D1EA5C400F99262 /* Home */,
				266167AF1D1EA5C400F99262 /* Message */,
				26D468271D26852E007849B3 /* Compose */,
				266167AA1D1EA5C400F99262 /* Find */,
				266167B11D1EA5C400F99262 /* Setting */,
			);
			path = UIs;
			sourceTree = "<group>";
		};
		266167AA1D1EA5C400F99262 /* Find */ = {
			isa = PBXGroup;
			children = (
				266167AB1D1EA5C400F99262 /* HBFindViewController.swift */,
			);
			path = Find;
			sourceTree = "<group>";
		};
		266167AC1D1EA5C400F99262 /* Home */ = {
			isa = PBXGroup;
			children = (
				266167AD1D1EA5C400F99262 /* HBHomeViewController.swift */,
			);
			path = Home;
			sourceTree = "<group>";
		};
		266167AE1D1EA5C400F99262 /* Login */ = {
			isa = PBXGroup;
			children = (
				26C2D0521D1EBD640068B6FE /* HBVisitorView.swift */,
			);
			path = Login;
			sourceTree = "<group>";
		};
		266167AF1D1EA5C400F99262 /* Message */ = {
			isa = PBXGroup;
			children = (
				266167B01D1EA5C400F99262 /* HBMessageViewController.swift */,
			);
			path = Message;
			sourceTree = "<group>";
		};
		266167B11D1EA5C400F99262 /* Setting */ = {
			isa = PBXGroup;
			children = (
				266167B21D1EA5C400F99262 /* HBSettingViewController.swift */,
			);
			path = Setting;
			sourceTree = "<group>";
		};
		266167B31D1EA5C400F99262 /* ViewModel */ = {
			isa = PBXGroup;
			children = (
				266167B61D1EA5C400F99262 /* Login */,
				266167B51D1EA5C400F99262 /* Home */,
				266167B41D1EA5C400F99262 /* Find */,
				266167B71D1EA5C400F99262 /* Message */,
				266167B81D1EA5C400F99262 /* Setting */,
			);
			path = ViewModel;
			sourceTree = "<group>";
		};
		266167B41D1EA5C400F99262 /* Find */ = {
			isa = PBXGroup;
			children = (
			);
			path = Find;
			sourceTree = "<group>";
		};
		266167B51D1EA5C400F99262 /* Home */ = {
			isa = PBXGroup;
			children = (
			);
			path = Home;
			sourceTree = "<group>";
		};
		266167B61D1EA5C400F99262 /* Login */ = {
			isa = PBXGroup;
			children = (
			);
			path = Login;
			sourceTree = "<group>";
		};
		266167B71D1EA5C400F99262 /* Message */ = {
			isa = PBXGroup;
			children = (
			);
			path = Message;
			sourceTree = "<group>";
		};
		266167B81D1EA5C400F99262 /* Setting */ = {
			isa = PBXGroup;
			children = (
			);
			path = Setting;
			sourceTree = "<group>";
		};
		266167C51D1EB0B000F99262 /* SDWebImage */ = {
			isa = PBXGroup;
			children = (
				266167C61D1EB0B000F99262 /* NSData+ImageContentType.h */,
				266167C71D1EB0B000F99262 /* NSData+ImageContentType.m */,
				266167C81D1EB0B000F99262 /* SDImageCache.h */,
				266167C91D1EB0B000F99262 /* SDImageCache.m */,
				266167CA1D1EB0B000F99262 /* SDWebImageCompat.h */,
				266167CB1D1EB0B000F99262 /* SDWebImageCompat.m */,
				266167CC1D1EB0B000F99262 /* SDWebImageDecoder.h */,
				266167CD1D1EB0B000F99262 /* SDWebImageDecoder.m */,
				266167CE1D1EB0B000F99262 /* SDWebImageDownloader.h */,
				266167CF1D1EB0B000F99262 /* SDWebImageDownloader.m */,
				266167D01D1EB0B000F99262 /* SDWebImageDownloaderOperation.h */,
				266167D11D1EB0B000F99262 /* SDWebImageDownloaderOperation.m */,
				266167D21D1EB0B000F99262 /* SDWebImageManager.h */,
				266167D31D1EB0B000F99262 /* SDWebImageManager.m */,
				266167D41D1EB0B000F99262 /* SDWebImageOperation.h */,
				266167D51D1EB0B000F99262 /* SDWebImagePrefetcher.h */,
				266167D61D1EB0B000F99262 /* SDWebImagePrefetcher.m */,
				266167D71D1EB0B000F99262 /* UIButton+WebCache.h */,
				266167D81D1EB0B000F99262 /* UIButton+WebCache.m */,
				266167D91D1EB0B000F99262 /* UIImage+GIF.h */,
				266167DA1D1EB0B000F99262 /* UIImage+GIF.m */,
				266167DB1D1EB0B000F99262 /* UIImage+MultiFormat.h */,
				266167DC1D1EB0B000F99262 /* UIImage+MultiFormat.m */,
				266167DD1D1EB0B000F99262 /* UIImageView+HighlightedWebCache.h */,
				266167DE1D1EB0B000F99262 /* UIImageView+HighlightedWebCache.m */,
				266167DF1D1EB0B000F99262 /* UIImageView+WebCache.h */,
				266167E01D1EB0B000F99262 /* UIImageView+WebCache.m */,
				266167E11D1EB0B000F99262 /* UIView+WebCacheOperation.h */,
				266167E21D1EB0B000F99262 /* UIView+WebCacheOperation.m */,
			);
			path = SDWebImage;
			sourceTree = "<group>";
		};
		266167F11D1EB0CF00F99262 /* AFNetworking */ = {
			isa = PBXGroup;
			children = (
				266167F21D1EB0CF00F99262 /* AFHTTPSessionManager.h */,
				266167F31D1EB0CF00F99262 /* AFHTTPSessionManager.m */,
				266167F41D1EB0CF00F99262 /* AFNetworking.h */,
				266167F51D1EB0CF00F99262 /* AFNetworkReachabilityManager.h */,
				266167F61D1EB0CF00F99262 /* AFNetworkReachabilityManager.m */,
				266167F71D1EB0CF00F99262 /* AFSecurityPolicy.h */,
				266167F81D1EB0CF00F99262 /* AFSecurityPolicy.m */,
				266167F91D1EB0CF00F99262 /* AFURLRequestSerialization.h */,
				266167FA1D1EB0CF00F99262 /* AFURLRequestSerialization.m */,
				266167FB1D1EB0CF00F99262 /* AFURLResponseSerialization.h */,
				266167FC1D1EB0CF00F99262 /* AFURLResponseSerialization.m */,
				266167FD1D1EB0CF00F99262 /* AFURLSessionManager.h */,
				266167FE1D1EB0CF00F99262 /* AFURLSessionManager.m */,
			);
			path = AFNetworking;
			sourceTree = "<group>";
		};
		266168181D1EB1F300F99262 /* SVProgressHUD */ = {
			isa = PBXGroup;
			children = (
				266168191D1EB1F300F99262 /* SVIndefiniteAnimatedView.h */,
				2661681A1D1EB1F300F99262 /* SVIndefiniteAnimatedView.m */,
				2661681B1D1EB1F300F99262 /* SVProgressAnimatedView.h */,
				2661681C1D1EB1F300F99262 /* SVProgressAnimatedView.m */,
				2661681D1D1EB1F300F99262 /* SVProgressHUD-Prefix.pch */,
				2661681E1D1EB1F300F99262 /* SVProgressHUD.bundle */,
				2661681F1D1EB1F300F99262 /* SVProgressHUD.h */,
				266168201D1EB1F300F99262 /* SVProgressHUD.m */,
				266168211D1EB1F300F99262 /* SVRadialGradientLayer.h */,
				266168221D1EB1F300F99262 /* SVRadialGradientLayer.m */,
			);
			path = SVProgressHUD;
			sourceTree = "<group>";
		};
		266168441D1EB3B100F99262 /* SnapKit_0.19.0 */ = {
			isa = PBXGroup;
			children = (
				266168451D1EB3B100F99262 /* Constraint.swift */,
				266168461D1EB3B100F99262 /* ConstraintAttributes.swift */,
				266168471D1EB3B100F99262 /* ConstraintDescription.swift */,
				266168481D1EB3B100F99262 /* ConstraintItem.swift */,
				266168491D1EB3B100F99262 /* ConstraintMaker.swift */,
				2661684A1D1EB3B100F99262 /* ConstraintRelation.swift */,
				2661684B1D1EB3B100F99262 /* Debugging.swift */,
				2661684C1D1EB3B100F99262 /* EdgeInsets.swift */,
				2661684D1D1EB3B100F99262 /* LayoutConstraint.swift */,
				2661684E1D1EB3B100F99262 /* SnapKit.swift */,
				2661684F1D1EB3B100F99262 /* SourceLocation.swift */,
				266168501D1EB3B100F99262 /* View+SnapKit.swift */,
				266168511D1EB3B100F99262 /* ViewController+SnapKit.swift */,
			);
			path = SnapKit_0.19.0;
			sourceTree = "<group>";
		};
		26D468271D26852E007849B3 /* Compose */ = {
			isa = PBXGroup;
			children = (
				26D468281D26852E007849B3 /* Pop */,
			);
			path = Compose;
			sourceTree = "<group>";
		};
		26D468281D26852E007849B3 /* Pop */ = {
			isa = PBXGroup;
			children = (
				26D468291D268577007849B3 /* HBComposeView.swift */,
				26D4682B1D26858D007849B3 /* HBComposeButton.swift */,
			);
			path = Pop;
			sourceTree = "<group>";
		};
/* End PBXGroup section */

/* Begin PBXNativeTarget section */
		266167881D1EA30D00F99262 /* Weibo */ = {
			isa = PBXNativeTarget;
			buildConfigurationList = 2661679B1D1EA30D00F99262 /* Build configuration list for PBXNativeTarget "Weibo" */;
			buildPhases = (
				266167851D1EA30D00F99262 /* Sources */,
				266167861D1EA30D00F99262 /* Frameworks */,
				266167871D1EA30D00F99262 /* Resources */,
			);
			buildRules = (
			);
			dependencies = (
			);
			name = Weibo;
			productName = Weibo;
			productReference = 266167891D1EA30D00F99262 /* Weibo.app */;
			productType = "com.apple.product-type.application";
		};
/* End PBXNativeTarget section */

/* Begin PBXProject section */
		266167811D1EA30D00F99262 /* Project object */ = {
			isa = PBXProject;
			attributes = {
				CLASSPREFIX = HB;
				LastSwiftUpdateCheck = 0720;
				LastUpgradeCheck = 0720;
				ORGANIZATIONNAME = iceWorks;
				TargetAttributes = {
					266167881D1EA30D00F99262 = {
						CreatedOnToolsVersion = 7.2;
						DevelopmentTeam = 9D3J2E978B;
					};
				};
			};
			buildConfigurationList = 266167841D1EA30D00F99262 /* Build configuration list for PBXProject "Weibo" */;
			compatibilityVersion = "Xcode 3.2";
			developmentRegion = English;
			hasScannedForEncodings = 0;
			knownRegions = (
				en,
				Base,
			);
			mainGroup = 266167801D1EA30D00F99262;
			productRefGroup = 2661678A1D1EA30D00F99262 /* Products */;
			projectDirPath = "";
			projectRoot = "";
			targets = (
				266167881D1EA30D00F99262 /* Weibo */,
			);
		};
/* End PBXProject section */

/* Begin PBXResourcesBuildPhase section */
		266167871D1EA30D00F99262 /* Resources */ = {
			isa = PBXResourcesBuildPhase;
			buildActionMask = 2147483647;
			files = (
				26D468301D269EEF007849B3 /* composeBtn.plist in Resources */,
				266167941D1EA30D00F99262 /* Assets.xcassets in Resources */,
				266168251D1EB1F300F99262 /* SVProgressHUD.bundle in Resources */,
				266167921D1EA30D00F99262 /* Main.storyboard in Resources */,
			);
			runOnlyForDeploymentPostprocessing = 0;
		};
/* End PBXResourcesBuildPhase section */

/* Begin PBXSourcesBuildPhase section */
		266167851D1EA30D00F99262 /* Sources */ = {
			isa = PBXSourcesBuildPhase;
			buildActionMask = 2147483647;
			files = (
				26D4682C1D26858D007849B3 /* HBComposeButton.swift in Sources */,
				266167EC1D1EB0B000F99262 /* UIImage+GIF.m in Sources */,
				263F007C1D22477D00A446E8 /* UILabel+HBExtension.swift in Sources */,
				263F007B1D22477D00A446E8 /* UIButton+HBExtension.swift in Sources */,
				266167E51D1EB0B000F99262 /* SDWebImageCompat.m in Sources */,
				266168591D1EB3B100F99262 /* EdgeInsets.swift in Sources */,
				2661685E1D1EB3B100F99262 /* ViewController+SnapKit.swift in Sources */,
				266167EB1D1EB0B000F99262 /* UIButton+WebCache.m in Sources */,
				266167ED1D1EB0B000F99262 /* UIImage+MultiFormat.m in Sources */,
				266168571D1EB3B100F99262 /* ConstraintRelation.swift in Sources */,
				266167F01D1EB0B000F99262 /* UIView+WebCacheOperation.m in Sources */,
				26C2D0531D1EBD640068B6FE /* HBVisitorView.swift in Sources */,
				26EF102C1D2657DB009783F4 /* UIImage+HBExtension.swift in Sources */,
				266168261D1EB1F300F99262 /* SVProgressHUD.m in Sources */,
				266167EA1D1EB0B000F99262 /* SDWebImagePrefetcher.m in Sources */,
				2661685C1D1EB3B100F99262 /* SourceLocation.swift in Sources */,
				266168011D1EB0CF00F99262 /* AFSecurityPolicy.m in Sources */,
				266167BB1D1EA5C400F99262 /* HBTabBarController.swift in Sources */,
				266167BC1D1EA5C400F99262 /* HBFindViewController.swift in Sources */,
				266168271D1EB1F300F99262 /* SVRadialGradientLayer.m in Sources */,
				2661678D1D1EA30D00F99262 /* AppDelegate.swift in Sources */,
				266167E81D1EB0B000F99262 /* SDWebImageDownloaderOperation.m in Sources */,
				266167E61D1EB0B000F99262 /* SDWebImageDecoder.m in Sources */,
				266167BF1D1EA5C400F99262 /* HBSettingViewController.swift in Sources */,
				266167EF1D1EB0B000F99262 /* UIImageView+WebCache.m in Sources */,
				266167FF1D1EB0CF00F99262 /* AFHTTPSessionManager.m in Sources */,
				266167E31D1EB0B000F99262 /* NSData+ImageContentType.m in Sources */,
				266167E71D1EB0B000F99262 /* SDWebImageDownloader.m in Sources */,
				266168041D1EB0CF00F99262 /* AFURLSessionManager.m in Sources */,
				266167C11D1EA6ED00F99262 /* HBConstant.swift in Sources */,
				266168561D1EB3B100F99262 /* ConstraintMaker.swift in Sources */,
				26D4682A1D268577007849B3 /* HBComposeView.swift in Sources */,
				266167BD1D1EA5C400F99262 /* HBHomeViewController.swift in Sources */,
				266168581D1EB3B100F99262 /* Debugging.swift in Sources */,
				266168531D1EB3B100F99262 /* ConstraintAttributes.swift in Sources */,
				266168031D1EB0CF00F99262 /* AFURLResponseSerialization.m in Sources */,
				2661685B1D1EB3B100F99262 /* SnapKit.swift in Sources */,
				266168231D1EB1F300F99262 /* SVIndefiniteAnimatedView.m in Sources */,
				2661685D1D1EB3B100F99262 /* View+SnapKit.swift in Sources */,
				266168551D1EB3B100F99262 /* ConstraintItem.swift in Sources */,
				266168021D1EB0CF00F99262 /* AFURLRequestSerialization.m in Sources */,
				266167BE1D1EA5C400F99262 /* HBMessageViewController.swift in Sources */,
				26C2D0511D1EB7730068B6FE /* HBBaseTableViewController.swift in Sources */,
				266167E91D1EB0B000F99262 /* SDWebImageManager.m in Sources */,
				266167C31D1EA70F00F99262 /* HBTabBar.swift in Sources */,
				266167EE1D1EB0B000F99262 /* UIImageView+HighlightedWebCache.m in Sources */,
				2661685A1D1EB3B100F99262 /* LayoutConstraint.swift in Sources */,
				266168001D1EB0CF00F99262 /* AFNetworkReachabilityManager.m in Sources */,
				266168241D1EB1F300F99262 /* SVProgressAnimatedView.m in Sources */,
				266167E41D1EB0B000F99262 /* SDImageCache.m in Sources */,
				266168521D1EB3B100F99262 /* Constraint.swift in Sources */,
				266168541D1EB3B100F99262 /* ConstraintDescription.swift in Sources */,
			);
			runOnlyForDeploymentPostprocessing = 0;
		};
/* End PBXSourcesBuildPhase section */

/* Begin PBXVariantGroup section */
		266167901D1EA30D00F99262 /* Main.storyboard */ = {
			isa = PBXVariantGroup;
			children = (
				266167911D1EA30D00F99262 /* Base */,
			);
			name = Main.storyboard;
			sourceTree = "<group>";
		};
/* End PBXVariantGroup section */

/* Begin XCBuildConfiguration section */
		266167991D1EA30D00F99262 /* Debug */ = {
			isa = XCBuildConfiguration;
			buildSettings = {
				ALWAYS_SEARCH_USER_PATHS = NO;
				CLANG_CXX_LANGUAGE_STANDARD = "gnu++0x";
				CLANG_CXX_LIBRARY = "libc++";
				CLANG_ENABLE_MODULES = YES;
				CLANG_ENABLE_OBJC_ARC = YES;
				CLANG_WARN_BOOL_CONVERSION = YES;
				CLANG_WARN_CONSTANT_CONVERSION = YES;
				CLANG_WARN_DIRECT_OBJC_ISA_USAGE = YES_ERROR;
				CLANG_WARN_EMPTY_BODY = YES;
				CLANG_WARN_ENUM_CONVERSION = YES;
				CLANG_WARN_INT_CONVERSION = YES;
				CLANG_WARN_OBJC_ROOT_CLASS = YES_ERROR;
				CLANG_WARN_UNREACHABLE_CODE = YES;
				CLANG_WARN__DUPLICATE_METHOD_MATCH = YES;
				"CODE_SIGN_IDENTITY[sdk=iphoneos*]" = "iPhone Developer";
				COPY_PHASE_STRIP = NO;
				DEBUG_INFORMATION_FORMAT = dwarf;
				ENABLE_STRICT_OBJC_MSGSEND = YES;
				ENABLE_TESTABILITY = YES;
				GCC_C_LANGUAGE_STANDARD = gnu99;
				GCC_DYNAMIC_NO_PIC = NO;
				GCC_NO_COMMON_BLOCKS = YES;
				GCC_OPTIMIZATION_LEVEL = 0;
				GCC_PREPROCESSOR_DEFINITIONS = (
					"DEBUG=1",
					"$(inherited)",
				);
				GCC_WARN_64_TO_32_BIT_CONVERSION = YES;
				GCC_WARN_ABOUT_RETURN_TYPE = YES_ERROR;
				GCC_WARN_UNDECLARED_SELECTOR = YES;
				GCC_WARN_UNINITIALIZED_AUTOS = YES_AGGRESSIVE;
				GCC_WARN_UNUSED_FUNCTION = YES;
				GCC_WARN_UNUSED_VARIABLE = YES;
				IPHONEOS_DEPLOYMENT_TARGET = 9.2;
				MTL_ENABLE_DEBUG_INFO = YES;
				ONLY_ACTIVE_ARCH = YES;
				SDKROOT = iphoneos;
				SWIFT_OPTIMIZATION_LEVEL = "-Onone";
			};
			name = Debug;
		};
		2661679A1D1EA30D00F99262 /* Release */ = {
			isa = XCBuildConfiguration;
			buildSettings = {
				ALWAYS_SEARCH_USER_PATHS = NO;
				CLANG_CXX_LANGUAGE_STANDARD = "gnu++0x";
				CLANG_CXX_LIBRARY = "libc++";
				CLANG_ENABLE_MODULES = YES;
				CLANG_ENABLE_OBJC_ARC = YES;
				CLANG_WARN_BOOL_CONVERSION = YES;
				CLANG_WARN_CONSTANT_CONVERSION = YES;
				CLANG_WARN_DIRECT_OBJC_ISA_USAGE = YES_ERROR;
				CLANG_WARN_EMPTY_BODY = YES;
				CLANG_WARN_ENUM_CONVERSION = YES;
				CLANG_WARN_INT_CONVERSION = YES;
				CLANG_WARN_OBJC_ROOT_CLASS = YES_ERROR;
				CLANG_WARN_UNREACHABLE_CODE = YES;
				CLANG_WARN__DUPLICATE_METHOD_MATCH = YES;
				"CODE_SIGN_IDENTITY[sdk=iphoneos*]" = "iPhone Developer";
				COPY_PHASE_STRIP = NO;
				DEBUG_INFORMATION_FORMAT = "dwarf-with-dsym";
				ENABLE_NS_ASSERTIONS = NO;
				ENABLE_STRICT_OBJC_MSGSEND = YES;
				GCC_C_LANGUAGE_STANDARD = gnu99;
				GCC_NO_COMMON_BLOCKS = YES;
				GCC_WARN_64_TO_32_BIT_CONVERSION = YES;
				GCC_WARN_ABOUT_RETURN_TYPE = YES_ERROR;
				GCC_WARN_UNDECLARED_SELECTOR = YES;
				GCC_WARN_UNINITIALIZED_AUTOS = YES_AGGRESSIVE;
				GCC_WARN_UNUSED_FUNCTION = YES;
				GCC_WARN_UNUSED_VARIABLE = YES;
				IPHONEOS_DEPLOYMENT_TARGET = 9.2;
				MTL_ENABLE_DEBUG_INFO = NO;
				SDKROOT = iphoneos;
				VALIDATE_PRODUCT = YES;
			};
			name = Release;
		};
		2661679C1D1EA30D00F99262 /* Debug */ = {
			isa = XCBuildConfiguration;
			buildSettings = {
				ASSETCATALOG_COMPILER_APPICON_NAME = AppIcon;
				ASSETCATALOG_COMPILER_LAUNCHIMAGE_NAME = "Brand Assets";
				INFOPLIST_FILE = Weibo/Info.plist;
				IPHONEOS_DEPLOYMENT_TARGET = 8.0;
				LD_RUNPATH_SEARCH_PATHS = "$(inherited) @executable_path/Frameworks";
				OTHER_SWIFT_FLAGS = "-D DEBUG";
				PRODUCT_BUNDLE_IDENTIFIER = com.iceworks.Weibo;
				PRODUCT_NAME = "$(TARGET_NAME)";
				SWIFT_OBJC_BRIDGING_HEADER = Weibo/Bridge.h;
			};
			name = Debug;
		};
		2661679D1D1EA30D00F99262 /* Release */ = {
			isa = XCBuildConfiguration;
			buildSettings = {
				ASSETCATALOG_COMPILER_APPICON_NAME = AppIcon;
				ASSETCATALOG_COMPILER_LAUNCHIMAGE_NAME = "Brand Assets";
				INFOPLIST_FILE = Weibo/Info.plist;
				IPHONEOS_DEPLOYMENT_TARGET = 8.0;
				LD_RUNPATH_SEARCH_PATHS = "$(inherited) @executable_path/Frameworks";
				OTHER_SWIFT_FLAGS = "-D DEBUG";
				PRODUCT_BUNDLE_IDENTIFIER = com.iceworks.Weibo;
				PRODUCT_NAME = "$(TARGET_NAME)";
				SWIFT_OBJC_BRIDGING_HEADER = Weibo/Bridge.h;
			};
			name = Release;
		};
/* End XCBuildConfiguration section */

/* Begin XCConfigurationList section */
		266167841D1EA30D00F99262 /* Build configuration list for PBXProject "Weibo" */ = {
			isa = XCConfigurationList;
			buildConfigurations = (
				266167991D1EA30D00F99262 /* Debug */,
				2661679A1D1EA30D00F99262 /* Release */,
			);
			defaultConfigurationIsVisible = 0;
			defaultConfigurationName = Release;
		};
		2661679B1D1EA30D00F99262 /* Build configuration list for PBXNativeTarget "Weibo" */ = {
			isa = XCConfigurationList;
			buildConfigurations = (
				2661679C1D1EA30D00F99262 /* Debug */,
				2661679D1D1EA30D00F99262 /* Release */,
			);
			defaultConfigurationIsVisible = 0;
			defaultConfigurationName = Release;
		};
/* End XCConfigurationList section */
	};
	rootObject = 266167811D1EA30D00F99262 /* Project object */;
}
